
Microsoft Visual Studio Solution File, Format Version 12.00
# Visual Studio Version 17
VisualStudioVersion = 17.9.34616.47
MinimumVisualStudioVersion = 10.0.40219.1
Project("{FAE04EC0-301F-11D3-BF4B-00C04F79EFBC}") = "WebBanHangOnline", "WebBanHangOnline.csproj", "{374062AE-BAC3-4D41-82B2-20F99BFC9140}"
EndProject
Global
	GlobalSection(SolutionConfigurationPlatforms) = preSolution
		Debug|Any CPU = Debug|Any CPU
		Release|Any CPU = Release|Any CPU
	EndGlobalSection
	GlobalSection(ProjectConfigurationPlatforms) = postSolution
		{374062AE-BAC3-4D41-82B2-20F99BFC9140}.Debug|Any CPU.ActiveCfg = Debug|Any CPU
		{374062AE-BAC3-4D41-82B2-20F99BFC9140}.Debug|Any CPU.Build.0 = Debug|Any CPU
		{374062AE-BAC3-4D41-82B2-20F99BFC9140}.Release|Any CPU.ActiveCfg = Release|Any CPU
		{374062AE-BAC3-4D41-82B2-20F99BFC9140}.Release|Any CPU.Build.0 = Release|Any CPU
	EndGlobalSection
	GlobalSection(SolutionProperties) = preSolution
		HideSolutionNode = FALSE
	EndGlobalSection
	GlobalSection(ExtensibilityGlobals) = postSolution
		SolutionGuid = {77AFFA08-E967-4DEA-97D5-6C3ECE23A3C8}
	EndGlobalSection
EndGlobal
